
Microsoft Visual Studio Solution File, Format Version 12.00
# Visual Studio Version 17
VisualStudioVersion = 17.9.34728.123
MinimumVisualStudioVersion = 10.0.40219.1
Project("{FAE04EC0-301F-11D3-BF4B-00C04F79EFBC}") = "linebotApp", "linebotApp\linebotApp.csproj", "{C00C1FA3-F0C4-405F-845B-1AA9BC0F252A}"
EndProject
Global
	GlobalSection(SolutionConfigurationPlatforms) = preSolution
		Debug|Any CPU = Debug|Any CPU
		Release|Any CPU = Release|Any CPU
	EndGlobalSection
	GlobalSection(ProjectConfigurationPlatforms) = postSolution
		{C00C1FA3-F0C4-405F-845B-1AA9BC0F252A}.Debug|Any CPU.ActiveCfg = Debug|Any CPU
		{C00C1FA3-F0C4-405F-845B-1AA9BC0F252A}.Debug|Any CPU.Build.0 = Debug|Any CPU
		{C00C1FA3-F0C4-405F-845B-1AA9BC0F252A}.Release|Any CPU.ActiveCfg = Release|Any CPU
		{C00C1FA3-F0C4-405F-845B-1AA9BC0F252A}.Release|Any CPU.Build.0 = Release|Any CPU
	EndGlobalSection
	GlobalSection(SolutionProperties) = preSolution
		HideSolutionNode = FALSE
	EndGlobalSection
	GlobalSection(ExtensibilityGlobals) = postSolution
		SolutionGuid = {F7830E57-0A34-45E8-B6FB-DAEA47DED1FB}
	EndGlobalSection
EndGlobal
